
Microsoft Visual Studio Solution File, Format Version 12.00
# Visual Studio 14
VisualStudioVersion = 14.0.25420.1
MinimumVisualStudioVersion = 10.0.40219.1
Project("{FAE04EC0-301F-11D3-BF4B-00C04F79EFBC}") = "TeduShop.Common", "TeduShop.Common\TeduShop.Common.csproj", "{8AAB7538-26C9-48E5-9B78-5F35E9418D1B}"
EndProject
Project("{FAE04EC0-301F-11D3-BF4B-00C04F79EFBC}") = "TeduShop.Data", "TeduShop.Data\TeduShop.Data.csproj", "{AA4BCFD8-46C8-4473-A31F-CA460121F081}"
EndProject
Project("{FAE04EC0-301F-11D3-BF4B-00C04F79EFBC}") = "TeduShop.Model", "TeduShop.Model\TeduShop.Model.csproj", "{16564B6D-23A1-40F2-9C23-DECB82328C8B}"
EndProject
Project("{FAE04EC0-301F-11D3-BF4B-00C04F79EFBC}") = "TeduShop.Service", "TeduShop.Service\TeduShop.Service.csproj", "{C89857EE-129C-4F05-BC5C-576E516043C9}"
EndProject
Project("{FAE04EC0-301F-11D3-BF4B-00C04F79EFBC}") = "TeduShop.UnitTest", "TeduShop.UnitTest\TeduShop.UnitTest.csproj", "{8ECD7D6B-1AF6-45E4-8942-BEDC9C9DF198}"
EndProject
Project("{FAE04EC0-301F-11D3-BF4B-00C04F79EFBC}") = "TeduShop.Web", "TeduShop.Web\TeduShop.Web.csproj", "{DFE49D5E-212A-43C0-9267-000137AAB8DD}"
EndProject
Global
	GlobalSection(SolutionConfigurationPlatforms) = preSolution
		Debug|Any CPU = Debug|Any CPU
		Release|Any CPU = Release|Any CPU
	EndGlobalSection
	GlobalSection(ProjectConfigurationPlatforms) = postSolution
		{8AAB7538-26C9-48E5-9B78-5F35E9418D1B}.Debug|Any CPU.ActiveCfg = Debug|Any CPU
		{8AAB7538-26C9-48E5-9B78-5F35E9418D1B}.Debug|Any CPU.Build.0 = Debug|Any CPU
		{8AAB7538-26C9-48E5-9B78-5F35E9418D1B}.Release|Any CPU.ActiveCfg = Release|Any CPU
		{8AAB7538-26C9-48E5-9B78-5F35E9418D1B}.Release|Any CPU.Build.0 = Release|Any CPU
		{AA4BCFD8-46C8-4473-A31F-CA460121F081}.Debug|Any CPU.ActiveCfg = Debug|Any CPU
		{AA4BCFD8-46C8-4473-A31F-CA460121F081}.Debug|Any CPU.Build.0 = Debug|Any CPU
		{AA4BCFD8-46C8-4473-A31F-CA460121F081}.Release|Any CPU.ActiveCfg = Release|Any CPU
		{AA4BCFD8-46C8-4473-A31F-CA460121F081}.Release|Any CPU.Build.0 = Release|Any CPU
		{16564B6D-23A1-40F2-9C23-DECB82328C8B}.Debug|Any CPU.ActiveCfg = Debug|Any CPU
		{16564B6D-23A1-40F2-9C23-DECB82328C8B}.Debug|Any CPU.Build.0 = Debug|Any CPU
		{16564B6D-23A1-40F2-9C23-DECB82328C8B}.Release|Any CPU.ActiveCfg = Release|Any CPU
		{16564B6D-23A1-40F2-9C23-DECB82328C8B}.Release|Any CPU.Build.0 = Release|Any CPU
		{C89857EE-129C-4F05-BC5C-576E516043C9}.Debug|Any CPU.ActiveCfg = Debug|Any CPU
		{C89857EE-129C-4F05-BC5C-576E516043C9}.Debug|Any CPU.Build.0 = Debug|Any CPU
		{C89857EE-129C-4F05-BC5C-576E516043C9}.Release|Any CPU.ActiveCfg = Release|Any CPU
		{C89857EE-129C-4F05-BC5C-576E516043C9}.Release|Any CPU.Build.0 = Release|Any CPU
		{8ECD7D6B-1AF6-45E4-8942-BEDC9C9DF198}.Debug|Any CPU.ActiveCfg = Debug|Any CPU
		{8ECD7D6B-1AF6-45E4-8942-BEDC9C9DF198}.Debug|Any CPU.Build.0 = Debug|Any CPU
		{8ECD7D6B-1AF6-45E4-8942-BEDC9C9DF198}.Release|Any CPU.ActiveCfg = Release|Any CPU
		{8ECD7D6B-1AF6-45E4-8942-BEDC9C9DF198}.Release|Any CPU.Build.0 = Release|Any CPU
		{DFE49D5E-212A-43C0-9267-000137AAB8DD}.Debug|Any CPU.ActiveCfg = Debug|Any CPU
		{DFE49D5E-212A-43C0-9267-000137AAB8DD}.Debug|Any CPU.Build.0 = Debug|Any CPU
		{DFE49D5E-212A-43C0-9267-000137AAB8DD}.Release|Any CPU.ActiveCfg = Release|Any CPU
		{DFE49D5E-212A-43C0-9267-000137AAB8DD}.Release|Any CPU.Build.0 = Release|Any CPU
	EndGlobalSection
	GlobalSection(SolutionProperties) = preSolution
		HideSolutionNode = FALSE
	EndGlobalSection
EndGlobal
